// !$*UTF8*$!
{
	archiveVersion = 1;
	classes = {
	};
	objectVersion = 56;
	objects = {

/* Begin PBXBuildFile section */
		55B93C572C132FA900B93C98 /* HogwartsHubApp.swift in Sources */ = {isa = PBXBuildFile; fileRef = 55B93C562C132FA900B93C98 /* HogwartsHubApp.swift */; };
		55B93C592C132FA900B93C98 /* Persistence.swift in Sources */ = {isa = PBXBuildFile; fileRef = 55B93C582C132FA900B93C98 /* Persistence.swift */; };
		55B93C5C2C132FA900B93C98 /* HogwartsHub.xcdatamodeld in Sources */ = {isa = PBXBuildFile; fileRef = 55B93C5A2C132FA900B93C98 /* HogwartsHub.xcdatamodeld */; };
		55B93C5E2C132FA900B93C98 /* ContentView.swift in Sources */ = {isa = PBXBuildFile; fileRef = 55B93C5D2C132FA900B93C98 /* ContentView.swift */; };
		55B93C602C132FAD00B93C98 /* Assets.xcassets in Resources */ = {isa = PBXBuildFile; fileRef = 55B93C5F2C132FAD00B93C98 /* Assets.xcassets */; };
		55B93C642C132FAD00B93C98 /* Preview Assets.xcassets in Resources */ = {isa = PBXBuildFile; fileRef = 55B93C632C132FAD00B93C98 /* Preview Assets.xcassets */; };
		55B93C6E2C132FAD00B93C98 /* HogwartsHubTests.swift in Sources */ = {isa = PBXBuildFile; fileRef = 55B93C6D2C132FAD00B93C98 /* HogwartsHubTests.swift */; };
		55B93C782C132FAD00B93C98 /* HogwartsHubUITests.swift in Sources */ = {isa = PBXBuildFile; fileRef = 55B93C772C132FAD00B93C98 /* HogwartsHubUITests.swift */; };
		55B93C7A2C132FAD00B93C98 /* HogwartsHubUITestsLaunchTests.swift in Sources */ = {isa = PBXBuildFile; fileRef = 55B93C792C132FAD00B93C98 /* HogwartsHubUITestsLaunchTests.swift */; };
/* End PBXBuildFile section */

/* Begin PBXContainerItemProxy section */
		55B93C6A2C132FAD00B93C98 /* PBXContainerItemProxy */ = {
			isa = PBXContainerItemProxy;
			containerPortal = 55B93C4B2C132FA900B93C98 /* Project object */;
			proxyType = 1;
			remoteGlobalIDString = 55B93C522C132FA900B93C98;
			remoteInfo = HogwartsHub;
		};
		55B93C742C132FAD00B93C98 /* PBXContainerItemProxy */ = {
			isa = PBXContainerItemProxy;
			containerPortal = 55B93C4B2C132FA900B93C98 /* Project object */;
			proxyType = 1;
			remoteGlobalIDString = 55B93C522C132FA900B93C98;
			remoteInfo = HogwartsHub;
		};
/* End PBXContainerItemProxy section */

/* Begin PBXFileReference section */
		55B93C532C132FA900B93C98 /* HogwartsHub.app */ = {isa = PBXFileReference; explicitFileType = wrapper.application; includeInIndex = 0; path = HogwartsHub.app; sourceTree = BUILT_PRODUCTS_DIR; };
		55B93C562C132FA900B93C98 /* HogwartsHubApp.swift */ = {isa = PBXFileReference; lastKnownFileType = sourcecode.swift; path = HogwartsHubApp.swift; sourceTree = "<group>"; };
		55B93C582C132FA900B93C98 /* Persistence.swift */ = {isa = PBXFileReference; lastKnownFileType = sourcecode.swift; path = Persistence.swift; sourceTree = "<group>"; };
		55B93C5B2C132FA900B93C98 /* HogwartsHub.xcdatamodel */ = {isa = PBXFileReference; lastKnownFileType = wrapper.xcdatamodel; path = HogwartsHub.xcdatamodel; sourceTree = "<group>"; };
		55B93C5D2C132FA900B93C98 /* ContentView.swift */ = {isa = PBXFileReference; lastKnownFileType = sourcecode.swift; path = ContentView.swift; sourceTree = "<group>"; };
		55B93C5F2C132FAD00B93C98 /* Assets.xcassets */ = {isa = PBXFileReference; lastKnownFileType = folder.assetcatalog; path = Assets.xcassets; sourceTree = "<group>"; };
		55B93C612C132FAD00B93C98 /* HogwartsHub.entitlements */ = {isa = PBXFileReference; lastKnownFileType = text.plist.entitlements; path = HogwartsHub.entitlements; sourceTree = "<group>"; };
		55B93C632C132FAD00B93C98 /* Preview Assets.xcassets */ = {isa = PBXFileReference; lastKnownFileType = folder.assetcatalog; path = "Preview Assets.xcassets"; sourceTree = "<group>"; };
		55B93C692C132FAD00B93C98 /* HogwartsHubTests.xctest */ = {isa = PBXFileReference; explicitFileType = wrapper.cfbundle; includeInIndex = 0; path = HogwartsHubTests.xctest; sourceTree = BUILT_PRODUCTS_DIR; };
		55B93C6D2C132FAD00B93C98 /* HogwartsHubTests.swift */ = {isa = PBXFileReference; lastKnownFileType = sourcecode.swift; path = HogwartsHubTests.swift; sourceTree = "<group>"; };
		55B93C732C132FAD00B93C98 /* HogwartsHubUITests.xctest */ = {isa = PBXFileReference; explicitFileType = wrapper.cfbundle; includeInIndex = 0; path = HogwartsHubUITests.xctest; sourceTree = BUILT_PRODUCTS_DIR; };
		55B93C772C132FAD00B93C98 /* HogwartsHubUITests.swift */ = {isa = PBXFileReference; lastKnownFileType = sourcecode.swift; path = HogwartsHubUITests.swift; sourceTree = "<group>"; };
		55B93C792C132FAD00B93C98 /* HogwartsHubUITestsLaunchTests.swift */ = {isa = PBXFileReference; lastKnownFileType = sourcecode.swift; path = HogwartsHubUITestsLaunchTests.swift; sourceTree = "<group>"; };
/* End PBXFileReference section */

/* Begin PBXFrameworksBuildPhase section */
		55B93C502C132FA900B93C98 /* Frameworks */ = {
			isa = PBXFrameworksBuildPhase;
			buildActionMask = 2147483647;
			files = (
			);
			runOnlyForDeploymentPostprocessing = 0;
		};
		55B93C662C132FAD00B93C98 /* Frameworks */ = {
			isa = PBXFrameworksBuildPhase;
			buildActionMask = 2147483647;
			files = (
			);
			runOnlyForDeploymentPostprocessing = 0;
		};
		55B93C702C132FAD00B93C98 /* Frameworks */ = {
			isa = PBXFrameworksBuildPhase;
			buildActionMask = 2147483647;
			files = (
			);
			runOnlyForDeploymentPostprocessing = 0;
		};
/* End PBXFrameworksBuildPhase section */

/* Begin PBXGroup section */
		55B93C4A2C132FA900B93C98 = {
			isa = PBXGroup;
			children = (
				55B93C552C132FA900B93C98 /* HogwartsHub */,
				55B93C6C2C132FAD00B93C98 /* HogwartsHubTests */,
				55B93C762C132FAD00B93C98 /* HogwartsHubUITests */,
				55B93C542C132FA900B93C98 /* Products */,
			);
			sourceTree = "<group>";
		};
		55B93C542C132FA900B93C98 /* Products */ = {
			isa = PBXGroup;
			children = (
				55B93C532C132FA900B93C98 /* HogwartsHub.app */,
				55B93C692C132FAD00B93C98 /* HogwartsHubTests.xctest */,
				55B93C732C132FAD00B93C98 /* HogwartsHubUITests.xctest */,
			);
			name = Products;
			sourceTree = "<group>";
		};
		55B93C552C132FA900B93C98 /* HogwartsHub */ = {
			isa = PBXGroup;
			children = (
				55B93C562C132FA900B93C98 /* HogwartsHubApp.swift */,
				55B93C582C132FA900B93C98 /* Persistence.swift */,
				55B93C5D2C132FA900B93C98 /* ContentView.swift */,
				55B93C5F2C132FAD00B93C98 /* Assets.xcassets */,
				55B93C612C132FAD00B93C98 /* HogwartsHub.entitlements */,
				55B93C5A2C132FA900B93C98 /* HogwartsHub.xcdatamodeld */,
				55B93C622C132FAD00B93C98 /* Preview Content */,
			);
			path = HogwartsHub;
			sourceTree = "<group>";
		};
		55B93C622C132FAD00B93C98 /* Preview Content */ = {
			isa = PBXGroup;
			children = (
				55B93C632C132FAD00B93C98 /* Preview Assets.xcassets */,
			);
			path = "Preview Content";
			sourceTree = "<group>";
		};
		55B93C6C2C132FAD00B93C98 /* HogwartsHubTests */ = {
			isa = PBXGroup;
			children = (
				55B93C6D2C132FAD00B93C98 /* HogwartsHubTests.swift */,
			);
			path = HogwartsHubTests;
			sourceTree = "<group>";
		};
		55B93C762C132FAD00B93C98 /* HogwartsHubUITests */ = {
			isa = PBXGroup;
			children = (
				55B93C772C132FAD00B93C98 /* HogwartsHubUITests.swift */,
				55B93C792C132FAD00B93C98 /* HogwartsHubUITestsLaunchTests.swift */,
			);
			path = HogwartsHubUITests;
			sourceTree = "<group>";
		};
/* End PBXGroup section */

/* Begin PBXNativeTarget section */
		55B93C522C132FA900B93C98 /* HogwartsHub */ = {
			isa = PBXNativeTarget;
			buildConfigurationList = 55B93C7D2C132FAD00B93C98 /* Build configuration list for PBXNativeTarget "HogwartsHub" */;
			buildPhases = (
				55B93C4F2C132FA900B93C98 /* Sources */,
				55B93C502C132FA900B93C98 /* Frameworks */,
				55B93C512C132FA900B93C98 /* Resources */,
			);
			buildRules = (
			);
			dependencies = (
			);
			name = HogwartsHub;
			productName = HogwartsHub;
			productReference = 55B93C532C132FA900B93C98 /* HogwartsHub.app */;
			productType = "com.apple.product-type.application";
		};
		55B93C682C132FAD00B93C98 /* HogwartsHubTests */ = {
			isa = PBXNativeTarget;
			buildConfigurationList = 55B93C802C132FAD00B93C98 /* Build configuration list for PBXNativeTarget "HogwartsHubTests" */;
			buildPhases = (
				55B93C652C132FAD00B93C98 /* Sources */,
				55B93C662C132FAD00B93C98 /* Frameworks */,
				55B93C672C132FAD00B93C98 /* Resources */,
			);
			buildRules = (
			);
			dependencies = (
				55B93C6B2C132FAD00B93C98 /* PBXTargetDependency */,
			);
			name = HogwartsHubTests;
			productName = HogwartsHubTests;
			productReference = 55B93C692C132FAD00B93C98 /* HogwartsHubTests.xctest */;
			productType = "com.apple.product-type.bundle.unit-test";
		};
		55B93C722C132FAD00B93C98 /* HogwartsHubUITests */ = {
			isa = PBXNativeTarget;
			buildConfigurationList = 55B93C832C132FAD00B93C98 /* Build configuration list for PBXNativeTarget "HogwartsHubUITests" */;
			buildPhases = (
				55B93C6F2C132FAD00B93C98 /* Sources */,
				55B93C702C132FAD00B93C98 /* Frameworks */,
				55B93C712C132FAD00B93C98 /* Resources */,
			);
			buildRules = (
			);
			dependencies = (
				55B93C752C132FAD00B93C98 /* PBXTargetDependency */,
			);
			name = HogwartsHubUITests;
			productName = HogwartsHubUITests;
			productReference = 55B93C732C132FAD00B93C98 /* HogwartsHubUITests.xctest */;
			productType = "com.apple.product-type.bundle.ui-testing";
		};
/* End PBXNativeTarget section */

/* Begin PBXProject section */
		55B93C4B2C132FA900B93C98 /* Project object */ = {
			isa = PBXProject;
			attributes = {
				BuildIndependentTargetsInParallel = 1;
				LastSwiftUpdateCheck = 1520;
				LastUpgradeCheck = 1520;
				TargetAttributes = {
					55B93C522C132FA900B93C98 = {
						CreatedOnToolsVersion = 15.2;
					};
					55B93C682C132FAD00B93C98 = {
						CreatedOnToolsVersion = 15.2;
						TestTargetID = 55B93C522C132FA900B93C98;
					};
					55B93C722C132FAD00B93C98 = {
						CreatedOnToolsVersion = 15.2;
						TestTargetID = 55B93C522C132FA900B93C98;
					};
				};
			};
			buildConfigurationList = 55B93C4E2C132FA900B93C98 /* Build configuration list for PBXProject "HogwartsHub" */;
			compatibilityVersion = "Xcode 14.0";
			developmentRegion = en;
			hasScannedForEncodings = 0;
			knownRegions = (
				en,
				Base,
			);
			mainGroup = 55B93C4A2C132FA900B93C98;
			productRefGroup = 55B93C542C132FA900B93C98 /* Products */;
			projectDirPath = "";
			projectRoot = "";
			targets = (
				55B93C522C132FA900B93C98 /* HogwartsHub */,
				55B93C682C132FAD00B93C98 /* HogwartsHubTests */,
				55B93C722C132FAD00B93C98 /* HogwartsHubUITests */,
			);
		};
/* End PBXProject section */

/* Begin PBXResourcesBuildPhase section */
		55B93C512C132FA900B93C98 /* Resources */ = {
			isa = PBXResourcesBuildPhase;
			buildActionMask = 2147483647;
			files = (
				55B93C642C132FAD00B93C98 /* Preview Assets.xcassets in Resources */,
				55B93C602C132FAD00B93C98 /* Assets.xcassets in Resources */,
			);
			runOnlyForDeploymentPostprocessing = 0;
		};
		55B93C672C132FAD00B93C98 /* Resources */ = {
			isa = PBXResourcesBuildPhase;
			buildActionMask = 2147483647;
			files = (
			);
			runOnlyForDeploymentPostprocessing = 0;
		};
		55B93C712C132FAD00B93C98 /* Resources */ = {
			isa = PBXResourcesBuildPhase;
			buildActionMask = 2147483647;
			files = (
			);
			runOnlyForDeploymentPostprocessing = 0;
		};
/* End PBXResourcesBuildPhase section */

/* Begin PBXSourcesBuildPhase section */
		55B93C4F2C132FA900B93C98 /* Sources */ = {
			isa = PBXSourcesBuildPhase;
			buildActionMask = 2147483647;
			files = (
				55B93C572C132FA900B93C98 /* HogwartsHubApp.swift in Sources */,
				55B93C592C132FA900B93C98 /* Persistence.swift in Sources */,
				55B93C5E2C132FA900B93C98 /* ContentView.swift in Sources */,
				55B93C5C2C132FA900B93C98 /* HogwartsHub.xcdatamodeld in Sources */,
			);
			runOnlyForDeploymentPostprocessing = 0;
		};
		55B93C652C132FAD00B93C98 /* Sources */ = {
			isa = PBXSourcesBuildPhase;
			buildActionMask = 2147483647;
			files = (
				55B93C6E2C132FAD00B93C98 /* HogwartsHubTests.swift in Sources */,
			);
			runOnlyForDeploymentPostprocessing = 0;
		};
		55B93C6F2C132FAD00B93C98 /* Sources */ = {
			isa = PBXSourcesBuildPhase;
			buildActionMask = 2147483647;
			files = (
				55B93C782C132FAD00B93C98 /* HogwartsHubUITests.swift in Sources */,
				55B93C7A2C132FAD00B93C98 /* HogwartsHubUITestsLaunchTests.swift in Sources */,
			);
			runOnlyForDeploymentPostprocessing = 0;
		};
/* End PBXSourcesBuildPhase section */

/* Begin PBXTargetDependency section */
		55B93C6B2C132FAD00B93C98 /* PBXTargetDependency */ = {
			isa = PBXTargetDependency;
			target = 55B93C522C132FA900B93C98 /* HogwartsHub */;
			targetProxy = 55B93C6A2C132FAD00B93C98 /* PBXContainerItemProxy */;
		};
		55B93C752C132FAD00B93C98 /* PBXTargetDependency */ = {
			isa = PBXTargetDependency;
			target = 55B93C522C132FA900B93C98 /* HogwartsHub */;
			targetProxy = 55B93C742C132FAD00B93C98 /* PBXContainerItemProxy */;
		};
/* End PBXTargetDependency section */

/* Begin XCBuildConfiguration section */
		55B93C7B2C132FAD00B93C98 /* Debug */ = {
			isa = XCBuildConfiguration;
			buildSettings = {
				ALWAYS_SEARCH_USER_PATHS = NO;
				ASSETCATALOG_COMPILER_GENERATE_SWIFT_ASSET_SYMBOL_EXTENSIONS = YES;
				CLANG_ANALYZER_NONNULL = YES;
				CLANG_ANALYZER_NUMBER_OBJECT_CONVERSION = YES_AGGRESSIVE;
				CLANG_CXX_LANGUAGE_STANDARD = "gnu++20";
				CLANG_ENABLE_MODULES = YES;
				CLANG_ENABLE_OBJC_ARC = YES;
				CLANG_ENABLE_OBJC_WEAK = YES;
				CLANG_WARN_BLOCK_CAPTURE_AUTORELEASING = YES;
				CLANG_WARN_BOOL_CONVERSION = YES;
				CLANG_WARN_COMMA = YES;
				CLANG_WARN_CONSTANT_CONVERSION = YES;
				CLANG_WARN_DEPRECATED_OBJC_IMPLEMENTATIONS = YES;
				CLANG_WARN_DIRECT_OBJC_ISA_USAGE = YES_ERROR;
				CLANG_WARN_DOCUMENTATION_COMMENTS = YES;
				CLANG_WARN_EMPTY_BODY = YES;
				CLANG_WARN_ENUM_CONVERSION = YES;
				CLANG_WARN_INFINITE_RECURSION = YES;
				CLANG_WARN_INT_CONVERSION = YES;
				CLANG_WARN_NON_LITERAL_NULL_CONVERSION = YES;
				CLANG_WARN_OBJC_IMPLICIT_RETAIN_SELF = YES;
				CLANG_WARN_OBJC_LITERAL_CONVERSION = YES;
				CLANG_WARN_OBJC_ROOT_CLASS = YES_ERROR;
				CLANG_WARN_QUOTED_INCLUDE_IN_FRAMEWORK_HEADER = YES;
				CLANG_WARN_RANGE_LOOP_ANALYSIS = YES;
				CLANG_WARN_STRICT_PROTOTYPES = YES;
				CLANG_WARN_SUSPICIOUS_MOVE = YES;
				CLANG_WARN_UNGUARDED_AVAILABILITY = YES_AGGRESSIVE;
				CLANG_WARN_UNREACHABLE_CODE = YES;
				CLANG_WARN__DUPLICATE_METHOD_MATCH = YES;
				COPY_PHASE_STRIP = NO;
				DEBUG_INFORMATION_FORMAT = dwarf;
				ENABLE_STRICT_OBJC_MSGSEND = YES;
				ENABLE_TESTABILITY = YES;
				ENABLE_USER_SCRIPT_SANDBOXING = YES;
				GCC_C_LANGUAGE_STANDARD = gnu17;
				GCC_DYNAMIC_NO_PIC = NO;
				GCC_NO_COMMON_BLOCKS = YES;
				GCC_OPTIMIZATION_LEVEL = 0;
				GCC_PREPROCESSOR_DEFINITIONS = (
					"DEBUG=1",
					"$(inherited)",
				);
				GCC_WARN_64_TO_32_BIT_CONVERSION = YES;
				GCC_WARN_ABOUT_RETURN_TYPE = YES_ERROR;
				GCC_WARN_UNDECLARED_SELECTOR = YES;
				GCC_WARN_UNINITIALIZED_AUTOS = YES_AGGRESSIVE;
				GCC_WARN_UNUSED_FUNCTION = YES;
				GCC_WARN_UNUSED_VARIABLE = YES;
				LOCALIZATION_PREFERS_STRING_CATALOGS = YES;
				MTL_ENABLE_DEBUG_INFO = INCLUDE_SOURCE;
				MTL_FAST_MATH = YES;
				ONLY_ACTIVE_ARCH = YES;
				SWIFT_ACTIVE_COMPILATION_CONDITIONS = "DEBUG $(inherited)";
				SWIFT_OPTIMIZATION_LEVEL = "-Onone";
			};
			name = Debug;
		};
		55B93C7C2C132FAD00B93C98 /* Release */ = {
			isa = XCBuildConfiguration;
			buildSettings = {
				ALWAYS_SEARCH_USER_PATHS = NO;
				ASSETCATALOG_COMPILER_GENERATE_SWIFT_ASSET_SYMBOL_EXTENSIONS = YES;
				CLANG_ANALYZER_NONNULL = YES;
				CLANG_ANALYZER_NUMBER_OBJECT_CONVERSION = YES_AGGRESSIVE;
				CLANG_CXX_LANGUAGE_STANDARD = "gnu++20";
				CLANG_ENABLE_MODULES = YES;
				CLANG_ENABLE_OBJC_ARC = YES;
				CLANG_ENABLE_OBJC_WEAK = YES;
				CLANG_WARN_BLOCK_CAPTURE_AUTORELEASING = YES;
				CLANG_WARN_BOOL_CONVERSION = YES;
				CLANG_WARN_COMMA = YES;
				CLANG_WARN_CONSTANT_CONVERSION = YES;
				CLANG_WARN_DEPRECATED_OBJC_IMPLEMENTATIONS = YES;
				CLANG_WARN_DIRECT_OBJC_ISA_USAGE = YES_ERROR;
				CLANG_WARN_DOCUMENTATION_COMMENTS = YES;
				CLANG_WARN_EMPTY_BODY = YES;
				CLANG_WARN_ENUM_CONVERSION = YES;
				CLANG_WARN_INFINITE_RECURSION = YES;
				CLANG_WARN_INT_CONVERSION = YES;
				CLANG_WARN_NON_LITERAL_NULL_CONVERSION = YES;
				CLANG_WARN_OBJC_IMPLICIT_RETAIN_SELF = YES;
				CLANG_WARN_OBJC_LITERAL_CONVERSION = YES;
				CLANG_WARN_OBJC_ROOT_CLASS = YES_ERROR;
				CLANG_WARN_QUOTED_INCLUDE_IN_FRAMEWORK_HEADER = YES;
				CLANG_WARN_RANGE_LOOP_ANALYSIS = YES;
				CLANG_WARN_STRICT_PROTOTYPES = YES;
				CLANG_WARN_SUSPICIOUS_MOVE = YES;
				CLANG_WARN_UNGUARDED_AVAILABILITY = YES_AGGRESSIVE;
				CLANG_WARN_UNREACHABLE_CODE = YES;
				CLANG_WARN__DUPLICATE_METHOD_MATCH = YES;
				COPY_PHASE_STRIP = NO;
				DEBUG_INFORMATION_FORMAT = "dwarf-with-dsym";
				ENABLE_NS_ASSERTIONS = NO;
				ENABLE_STRICT_OBJC_MSGSEND = YES;
				ENABLE_USER_SCRIPT_SANDBOXING = YES;
				GCC_C_LANGUAGE_STANDARD = gnu17;
				GCC_NO_COMMON_BLOCKS = YES;
				GCC_WARN_64_TO_32_BIT_CONVERSION = YES;
				GCC_WARN_ABOUT_RETURN_TYPE = YES_ERROR;
				GCC_WARN_UNDECLARED_SELECTOR = YES;
				GCC_WARN_UNINITIALIZED_AUTOS = YES_AGGRESSIVE;
				GCC_WARN_UNUSED_FUNCTION = YES;
				GCC_WARN_UNUSED_VARIABLE = YES;
				LOCALIZATION_PREFERS_STRING_CATALOGS = YES;
				MTL_ENABLE_DEBUG_INFO = NO;
				MTL_FAST_MATH = YES;
				SWIFT_COMPILATION_MODE = wholemodule;
			};
			name = Release;
		};
		55B93C7E2C132FAD00B93C98 /* Debug */ = {
			isa = XCBuildConfiguration;
			buildSettings = {
				ASSETCATALOG_COMPILER_APPICON_NAME = AppIcon;
				ASSETCATALOG_COMPILER_GLOBAL_ACCENT_COLOR_NAME = AccentColor;
				CODE_SIGN_ENTITLEMENTS = HogwartsHub/HogwartsHub.entitlements;
				CODE_SIGN_STYLE = Automatic;
				CURRENT_PROJECT_VERSION = 1;
				DEVELOPMENT_ASSET_PATHS = "\"HogwartsHub/Preview Content\"";
				DEVELOPMENT_TEAM = 2B2JQYS6HR;
				ENABLE_HARDENED_RUNTIME = YES;
				ENABLE_PREVIEWS = YES;
				GENERATE_INFOPLIST_FILE = YES;
				"INFOPLIST_KEY_UIApplicationSceneManifest_Generation[sdk=iphoneos*]" = YES;
				"INFOPLIST_KEY_UIApplicationSceneManifest_Generation[sdk=iphonesimulator*]" = YES;
				"INFOPLIST_KEY_UIApplicationSupportsIndirectInputEvents[sdk=iphoneos*]" = YES;
				"INFOPLIST_KEY_UIApplicationSupportsIndirectInputEvents[sdk=iphonesimulator*]" = YES;
				"INFOPLIST_KEY_UILaunchScreen_Generation[sdk=iphoneos*]" = YES;
				"INFOPLIST_KEY_UILaunchScreen_Generation[sdk=iphonesimulator*]" = YES;
				"INFOPLIST_KEY_UIStatusBarStyle[sdk=iphoneos*]" = UIStatusBarStyleDefault;
				"INFOPLIST_KEY_UIStatusBarStyle[sdk=iphonesimulator*]" = UIStatusBarStyleDefault;
				INFOPLIST_KEY_UISupportedInterfaceOrientations_iPad = "UIInterfaceOrientationPortrait UIInterfaceOrientationPortraitUpsideDown UIInterfaceOrientationLandscapeLeft UIInterfaceOrientationLandscapeRight";
				INFOPLIST_KEY_UISupportedInterfaceOrientations_iPhone = "UIInterfaceOrientationPortrait UIInterfaceOrientationLandscapeLeft UIInterfaceOrientationLandscapeRight";
				IPHONEOS_DEPLOYMENT_TARGET = 17.2;
				LD_RUNPATH_SEARCH_PATHS = "@executable_path/Frameworks";
				"LD_RUNPATH_SEARCH_PATHS[sdk=macosx*]" = "@executable_path/../Frameworks";
				MACOSX_DEPLOYMENT_TARGET = 13.6;
				MARKETING_VERSION = 1.0;
				PRODUCT_BUNDLE_IDENTIFIER = PeachProduction.HogwartsHub;
				PRODUCT_NAME = "$(TARGET_NAME)";
				SDKROOT = auto;
				SUPPORTED_PLATFORMS = "iphoneos iphonesimulator macosx";
				SWIFT_EMIT_LOC_STRINGS = YES;
				SWIFT_VERSION = 5.0;
				TARGETED_DEVICE_FAMILY = "1,2";
			};
			name = Debug;
		};
		55B93C7F2C132FAD00B93C98 /* Release */ = {
			isa = XCBuildConfiguration;
			buildSettings = {
				ASSETCATALOG_COMPILER_APPICON_NAME = AppIcon;
				ASSETCATALOG_COMPILER_GLOBAL_ACCENT_COLOR_NAME = AccentColor;
				CODE_SIGN_ENTITLEMENTS = HogwartsHub/HogwartsHub.entitlements;
				CODE_SIGN_STYLE = Automatic;
				CURRENT_PROJECT_VERSION = 1;
				DEVELOPMENT_ASSET_PATHS = "\"HogwartsHub/Preview Content\"";
				DEVELOPMENT_TEAM = 2B2JQYS6HR;
				ENABLE_HARDENED_RUNTIME = YES;
				ENABLE_PREVIEWS = YES;
				GENERATE_INFOPLIST_FILE = YES;
				"INFOPLIST_KEY_UIApplicationSceneManifest_Generation[sdk=iphoneos*]" = YES;
				"INFOPLIST_KEY_UIApplicationSceneManifest_Generation[sdk=iphonesimulator*]" = YES;
				"INFOPLIST_KEY_UIApplicationSupportsIndirectInputEvents[sdk=iphoneos*]" = YES;
				"INFOPLIST_KEY_UIApplicationSupportsIndirectInputEvents[sdk=iphonesimulator*]" = YES;
				"INFOPLIST_KEY_UILaunchScreen_Generation[sdk=iphoneos*]" = YES;
				"INFOPLIST_KEY_UILaunchScreen_Generation[sdk=iphonesimulator*]" = YES;
				"INFOPLIST_KEY_UIStatusBarStyle[sdk=iphoneos*]" = UIStatusBarStyleDefault;
				"INFOPLIST_KEY_UIStatusBarStyle[sdk=iphonesimulator*]" = UIStatusBarStyleDefault;
				INFOPLIST_KEY_UISupportedInterfaceOrientations_iPad = "UIInterfaceOrientationPortrait UIInterfaceOrientationPortraitUpsideDown UIInterfaceOrientationLandscapeLeft UIInterfaceOrientationLandscapeRight";
				INFOPLIST_KEY_UISupportedInterfaceOrientations_iPhone = "UIInterfaceOrientationPortrait UIInterfaceOrientationLandscapeLeft UIInterfaceOrientationLandscapeRight";
				IPHONEOS_DEPLOYMENT_TARGET = 17.2;
				LD_RUNPATH_SEARCH_PATHS = "@executable_path/Frameworks";
				"LD_RUNPATH_SEARCH_PATHS[sdk=macosx*]" = "@executable_path/../Frameworks";
				MACOSX_DEPLOYMENT_TARGET = 13.6;
				MARKETING_VERSION = 1.0;
				PRODUCT_BUNDLE_IDENTIFIER = PeachProduction.HogwartsHub;
				PRODUCT_NAME = "$(TARGET_NAME)";
				SDKROOT = auto;
				SUPPORTED_PLATFORMS = "iphoneos iphonesimulator macosx";
				SWIFT_EMIT_LOC_STRINGS = YES;
				SWIFT_VERSION = 5.0;
				TARGETED_DEVICE_FAMILY = "1,2";
			};
			name = Release;
		};
		55B93C812C132FAD00B93C98 /* Debug */ = {
			isa = XCBuildConfiguration;
			buildSettings = {
				ALWAYS_EMBED_SWIFT_STANDARD_LIBRARIES = YES;
				BUNDLE_LOADER = "$(TEST_HOST)";
				CODE_SIGN_STYLE = Automatic;
				CURRENT_PROJECT_VERSION = 1;
				DEVELOPMENT_TEAM = 2B2JQYS6HR;
				GENERATE_INFOPLIST_FILE = YES;
				IPHONEOS_DEPLOYMENT_TARGET = 17.2;
				MACOSX_DEPLOYMENT_TARGET = 13.6;
				MARKETING_VERSION = 1.0;
				PRODUCT_BUNDLE_IDENTIFIER = PeachProduction.HogwartsHubTests;
				PRODUCT_NAME = "$(TARGET_NAME)";
				SDKROOT = auto;
				SUPPORTED_PLATFORMS = "iphoneos iphonesimulator macosx";
				SWIFT_EMIT_LOC_STRINGS = NO;
				SWIFT_VERSION = 5.0;
				TARGETED_DEVICE_FAMILY = "1,2";
				TEST_HOST = "$(BUILT_PRODUCTS_DIR)/HogwartsHub.app/$(BUNDLE_EXECUTABLE_FOLDER_PATH)/HogwartsHub";
			};
			name = Debug;
		};
		55B93C822C132FAD00B93C98 /* Release */ = {
			isa = XCBuildConfiguration;
			buildSettings = {
				ALWAYS_EMBED_SWIFT_STANDARD_LIBRARIES = YES;
				BUNDLE_LOADER = "$(TEST_HOST)";
				CODE_SIGN_STYLE = Automatic;
				CURRENT_PROJECT_VERSION = 1;
				DEVELOPMENT_TEAM = 2B2JQYS6HR;
				GENERATE_INFOPLIST_FILE = YES;
				IPHONEOS_DEPLOYMENT_TARGET = 17.2;
				MACOSX_DEPLOYMENT_TARGET = 13.6;
				MARKETING_VERSION = 1.0;
				PRODUCT_BUNDLE_IDENTIFIER = PeachProduction.HogwartsHubTests;
				PRODUCT_NAME = "$(TARGET_NAME)";
				SDKROOT = auto;
				SUPPORTED_PLATFORMS = "iphoneos iphonesimulator macosx";
				SWIFT_EMIT_LOC_STRINGS = NO;
				SWIFT_VERSION = 5.0;
				TARGETED_DEVICE_FAMILY = "1,2";
				TEST_HOST = "$(BUILT_PRODUCTS_DIR)/HogwartsHub.app/$(BUNDLE_EXECUTABLE_FOLDER_PATH)/HogwartsHub";
			};
			name = Release;
		};
		55B93C842C132FAD00B93C98 /* Debug */ = {
			isa = XCBuildConfiguration;
			buildSettings = {
				ALWAYS_EMBED_SWIFT_STANDARD_LIBRARIES = YES;
				CODE_SIGN_STYLE = Automatic;
				CURRENT_PROJECT_VERSION = 1;
				DEVELOPMENT_TEAM = 2B2JQYS6HR;
				GENERATE_INFOPLIST_FILE = YES;
				IPHONEOS_DEPLOYMENT_TARGET = 17.2;
				MACOSX_DEPLOYMENT_TARGET = 13.6;
				MARKETING_VERSION = 1.0;
				PRODUCT_BUNDLE_IDENTIFIER = PeachProduction.HogwartsHubUITests;
				PRODUCT_NAME = "$(TARGET_NAME)";
				SDKROOT = auto;
				SUPPORTED_PLATFORMS = "iphoneos iphonesimulator macosx";
				SWIFT_EMIT_LOC_STRINGS = NO;
				SWIFT_VERSION = 5.0;
				TARGETED_DEVICE_FAMILY = "1,2";
				TEST_TARGET_NAME = HogwartsHub;
			};
			name = Debug;
		};
		55B93C852C132FAD00B93C98 /* Release */ = {
			isa = XCBuildConfiguration;
			buildSettings = {
				ALWAYS_EMBED_SWIFT_STANDARD_LIBRARIES = YES;
				CODE_SIGN_STYLE = Automatic;
				CURRENT_PROJECT_VERSION = 1;
				DEVELOPMENT_TEAM = 2B2JQYS6HR;
				GENERATE_INFOPLIST_FILE = YES;
				IPHONEOS_DEPLOYMENT_TARGET = 17.2;
				MACOSX_DEPLOYMENT_TARGET = 13.6;
				MARKETING_VERSION = 1.0;
				PRODUCT_BUNDLE_IDENTIFIER = PeachProduction.HogwartsHubUITests;
				PRODUCT_NAME = "$(TARGET_NAME)";
				SDKROOT = auto;
				SUPPORTED_PLATFORMS = "iphoneos iphonesimulator macosx";
				SWIFT_EMIT_LOC_STRINGS = NO;
				SWIFT_VERSION = 5.0;
				TARGETED_DEVICE_FAMILY = "1,2";
				TEST_TARGET_NAME = HogwartsHub;
			};
			name = Release;
		};
/* End XCBuildConfiguration section */

/* Begin XCConfigurationList section */
		55B93C4E2C132FA900B93C98 /* Build configuration list for PBXProject "HogwartsHub" */ = {
			isa = XCConfigurationList;
			buildConfigurations = (
				55B93C7B2C132FAD00B93C98 /* Debug */,
				55B93C7C2C132FAD00B93C98 /* Release */,
			);
			defaultConfigurationIsVisible = 0;
			defaultConfigurationName = Release;
		};
		55B93C7D2C132FAD00B93C98 /* Build configuration list for PBXNativeTarget "HogwartsHub" */ = {
			isa = XCConfigurationList;
			buildConfigurations = (
				55B93C7E2C132FAD00B93C98 /* Debug */,
				55B93C7F2C132FAD00B93C98 /* Release */,
			);
			defaultConfigurationIsVisible = 0;
			defaultConfigurationName = Release;
		};
		55B93C802C132FAD00B93C98 /* Build configuration list for PBXNativeTarget "HogwartsHubTests" */ = {
			isa = XCConfigurationList;
			buildConfigurations = (
				55B93C812C132FAD00B93C98 /* Debug */,
				55B93C822C132FAD00B93C98 /* Release */,
			);
			defaultConfigurationIsVisible = 0;
			defaultConfigurationName = Release;
		};
		55B93C832C132FAD00B93C98 /* Build configuration list for PBXNativeTarget "HogwartsHubUITests" */ = {
			isa = XCConfigurationList;
			buildConfigurations = (
				55B93C842C132FAD00B93C98 /* Debug */,
				55B93C852C132FAD00B93C98 /* Release */,
			);
			defaultConfigurationIsVisible = 0;
			defaultConfigurationName = Release;
		};
/* End XCConfigurationList section */

/* Begin XCVersionGroup section */
		55B93C5A2C132FA900B93C98 /* HogwartsHub.xcdatamodeld */ = {
			isa = XCVersionGroup;
			children = (
				55B93C5B2C132FA900B93C98 /* HogwartsHub.xcdatamodel */,
			);
			currentVersion = 55B93C5B2C132FA900B93C98 /* HogwartsHub.xcdatamodel */;
			path = HogwartsHub.xcdatamodeld;
			sourceTree = "<group>";
			versionGroupType = wrapper.xcdatamodel;
		};
/* End XCVersionGroup section */
	};
	rootObject = 55B93C4B2C132FA900B93C98 /* Project object */;
}
